
Microsoft Visual Studio Solution File, Format Version 12.00
# Visual Studio Version 17
VisualStudioVersion = 17.13.36105.23 d17.13
MinimumVisualStudioVersion = 10.0.40219.1
Project("{FAE04EC0-301F-11D3-BF4B-00C04F79EFBC}") = "WebAPIDemo", "WebAPIDemo\WebAPIDemo.csproj", "{93D4C339-E4D2-40D5-9A8E-2C1439E58E2A}"
EndProject
Global
	GlobalSection(SolutionConfigurationPlatforms) = preSolution
		Debug|Any CPU = Debug|Any CPU
		Release|Any CPU = Release|Any CPU
	EndGlobalSection
	GlobalSection(ProjectConfigurationPlatforms) = postSolution
		{93D4C339-E4D2-40D5-9A8E-2C1439E58E2A}.Debug|Any CPU.ActiveCfg = Debug|Any CPU
		{93D4C339-E4D2-40D5-9A8E-2C1439E58E2A}.Debug|Any CPU.Build.0 = Debug|Any CPU
		{93D4C339-E4D2-40D5-9A8E-2C1439E58E2A}.Release|Any CPU.ActiveCfg = Release|Any CPU
		{93D4C339-E4D2-40D5-9A8E-2C1439E58E2A}.Release|Any CPU.Build.0 = Release|Any CPU
	EndGlobalSection
	GlobalSection(SolutionProperties) = preSolution
		HideSolutionNode = FALSE
	EndGlobalSection
	GlobalSection(ExtensibilityGlobals) = postSolution
		SolutionGuid = {6A36BA3F-8931-435D-ADBE-0A4200F5352F}
	EndGlobalSection
EndGlobal
